
Microsoft Visual Studio Solution File, Format Version 12.00
# Visual Studio Version 17
VisualStudioVersion = 17.6.33723.286
MinimumVisualStudioVersion = 10.0.40219.1
Project("{9A19103F-16F7-4668-BE54-9A1E7A4F7556}") = "RutasAPI", "RutasAPI\RutasAPI.csproj", "{6F46D169-A653-42D7-9F3D-C0F16B96C537}"
EndProject
Project("{9A19103F-16F7-4668-BE54-9A1E7A4F7556}") = "Rutas.Domain", "Rutas.Domain\Rutas.Domain.csproj", "{BE13870F-3803-4320-8F2A-89A98DA05335}"
EndProject
Project("{9A19103F-16F7-4668-BE54-9A1E7A4F7556}") = "RutasUI", "RutasUI\RutasUI.csproj", "{0684C6EC-8ACF-4CB8-833F-1FC143721E70}"
EndProject
Project("{9A19103F-16F7-4668-BE54-9A1E7A4F7556}") = "RestServices", "RestServices\RestServices.csproj", "{FA79D7A6-A5C4-4FE0-B0D4-4F8C9389D128}"
EndProject
Global
	GlobalSection(SolutionConfigurationPlatforms) = preSolution
		Debug|Any CPU = Debug|Any CPU
		Release|Any CPU = Release|Any CPU
	EndGlobalSection
	GlobalSection(ProjectConfigurationPlatforms) = postSolution
		{6F46D169-A653-42D7-9F3D-C0F16B96C537}.Debug|Any CPU.ActiveCfg = Debug|Any CPU
		{6F46D169-A653-42D7-9F3D-C0F16B96C537}.Debug|Any CPU.Build.0 = Debug|Any CPU
		{6F46D169-A653-42D7-9F3D-C0F16B96C537}.Release|Any CPU.ActiveCfg = Release|Any CPU
		{6F46D169-A653-42D7-9F3D-C0F16B96C537}.Release|Any CPU.Build.0 = Release|Any CPU
		{BE13870F-3803-4320-8F2A-89A98DA05335}.Debug|Any CPU.ActiveCfg = Debug|Any CPU
		{BE13870F-3803-4320-8F2A-89A98DA05335}.Debug|Any CPU.Build.0 = Debug|Any CPU
		{BE13870F-3803-4320-8F2A-89A98DA05335}.Release|Any CPU.ActiveCfg = Release|Any CPU
		{BE13870F-3803-4320-8F2A-89A98DA05335}.Release|Any CPU.Build.0 = Release|Any CPU
		{0684C6EC-8ACF-4CB8-833F-1FC143721E70}.Debug|Any CPU.ActiveCfg = Debug|Any CPU
		{0684C6EC-8ACF-4CB8-833F-1FC143721E70}.Debug|Any CPU.Build.0 = Debug|Any CPU
		{0684C6EC-8ACF-4CB8-833F-1FC143721E70}.Release|Any CPU.ActiveCfg = Release|Any CPU
		{0684C6EC-8ACF-4CB8-833F-1FC143721E70}.Release|Any CPU.Build.0 = Release|Any CPU
		{FA79D7A6-A5C4-4FE0-B0D4-4F8C9389D128}.Debug|Any CPU.ActiveCfg = Debug|Any CPU
		{FA79D7A6-A5C4-4FE0-B0D4-4F8C9389D128}.Debug|Any CPU.Build.0 = Debug|Any CPU
		{FA79D7A6-A5C4-4FE0-B0D4-4F8C9389D128}.Release|Any CPU.ActiveCfg = Release|Any CPU
		{FA79D7A6-A5C4-4FE0-B0D4-4F8C9389D128}.Release|Any CPU.Build.0 = Release|Any CPU
	EndGlobalSection
	GlobalSection(SolutionProperties) = preSolution
		HideSolutionNode = FALSE
	EndGlobalSection
	GlobalSection(ExtensibilityGlobals) = postSolution
		SolutionGuid = {2AF83C45-AFCC-4FAE-9C48-B38773CF7E61}
	EndGlobalSection
EndGlobal
